Microsoft Visual Studio Solution File, Format Version 12.00
# Visual Studio Version 17
VisualStudioVersion = 17.9.34728.123
MinimumVisualStudioVersion = 10.0.40219.1
Project("{2150E333-8FDC-42A3-9474-1A3956D46DE8}") = "src", "src", "{6FE6A503-3F7C-4B10-A351-448A2BD22D85}"
EndProject
Project("{2150E333-8FDC-42A3-9474-1A3956D46DE8}") = "tests", "tests", "{DC5E649D-6802-4872-8963-D1EF65D25575}"
EndProject
Project("{2150E333-8FDC-42A3-9474-1A3956D46DE8}") = "docs", "docs", "{9377F009-A0B2-43D2-B034-C8D843E73C97}"
	ProjectSection(SolutionItems) = preProject
		docs\adr\0001-solution-structure-and-native-format.md = docs\adr\0001-solution-structure-and-native-format.md
		docs\adr\0002-exporter-and-engine-boundaries.md = docs\adr\0002-exporter-and-engine-boundaries.md
		docs\adr\0013-layout-engine-and-parallel-sprint14-contract.md = docs\adr\0013-layout-engine-and-parallel-sprint14-contract.md
	EndProjectSection
EndProject
Project("{9A19103F-16F7-4668-BE54-9A1E7A4F7556}") = "KKL.WordStudio.Shared", "src\KKL.WordStudio.Shared\KKL.WordStudio.Shared.csproj", "{2D5B3F7F-65C2-44C5-AF58-59FCC090EFB9}"
EndProject
Project("{9A19103F-16F7-4668-BE54-9A1E7A4F7556}") = "KKL.WordStudio.Domain", "src\KKL.WordStudio.Domain\KKL.WordStudio.Domain.csproj", "{2BBB8E1F-4F0C-4080-94FF-9CE5175A719C}"
EndProject
Project("{9A19103F-16F7-4668-BE54-9A1E7A4F7556}") = "KKL.WordStudio.Application", "src\KKL.WordStudio.Application\KKL.WordStudio.Application.csproj", "{CEB53B5D-2B25-445D-A3EF-EB5BA688F677}"
EndProject
Project("{9A19103F-16F7-4668-BE54-9A1E7A4F7556}") = "KKL.WordStudio.Infrastructure", "src\KKL.WordStudio.Infrastructure\KKL.WordStudio.Infrastructure.csproj", "{BD83B711-BDEB-497C-974D-199F484D0F31}"
EndProject
Project("{9A19103F-16F7-4668-BE54-9A1E7A4F7556}") = "KKL.WordStudio.Rendering", "src\KKL.WordStudio.Rendering\KKL.WordStudio.Rendering.csproj", "{EE805266-0B3D-4CAD-94E2-45018F17E499}"
EndProject
Project("{9A19103F-16F7-4668-BE54-9A1E7A4F7556}") = "KKL.WordStudio.UI", "src\KKL.WordStudio.UI\KKL.WordStudio.UI.csproj", "{A52C5014-1152-4926-930B-0F2324EDA8A2}"
EndProject
Project("{9A19103F-16F7-4668-BE54-9A1E7A4F7556}") = "KKL.WordStudio.Engine", "src\KKL.WordStudio.Engine\KKL.WordStudio.Engine.csproj", "{F06A7D0B-F72D-4638-8E6A-A03AAA06CF06}"
EndProject
Project("{9A19103F-16F7-4668-BE54-9A1E7A4F7556}") = "KKL.WordStudio.Engine.Tests", "tests\KKL.WordStudio.Engine.Tests\KKL.WordStudio.Engine.Tests.csproj", "{9E1EB53C-0E19-4233-B961-CC363D0F872F}"
EndProject
Project("{9A19103F-16F7-4668-BE54-9A1E7A4F7556}") = "KKL.WordStudio.Architecture.Tests", "tests\KKL.WordStudio.Architecture.Tests\KKL.WordStudio.Architecture.Tests.csproj", "{34E0D800-E42F-4DEF-827A-0305762345F1}"
EndProject
Project("{9A19103F-16F7-4668-BE54-9A1E7A4F7556}") = "KKL.WordStudio.Domain.Tests", "tests\KKL.WordStudio.Domain.Tests\KKL.WordStudio.Domain.Tests.csproj", "{8877DDE5-C3D1-4310-AFC4-C9B40A99E4B3}"
EndProject
Project("{9A19103F-16F7-4668-BE54-9A1E7A4F7556}") = "KKL.WordStudio.Application.Tests", "tests\KKL.WordStudio.Application.Tests\KKL.WordStudio.Application.Tests.csproj", "{7620627E-A9C4-444F-8447-54A63E37F6AF}"
EndProject
Project("{9A19103F-16F7-4668-BE54-9A1E7A4F7556}") = "KKL.WordStudio.Infrastructure.Tests", "tests\KKL.WordStudio.Infrastructure.Tests\KKL.WordStudio.Infrastructure.Tests.csproj", "{6497E47D-75A2-4145-81A9-853F709CBF55}"
EndProject
Global
	GlobalSection(SolutionConfigurationPlatforms) = preSolution
		Debug|Any CPU = Debug|Any CPU
		Release|Any CPU = Release|Any CPU
	EndGlobalSection
	GlobalSection(ProjectConfigurationPlatforms) = postSolution
		{2D5B3F7F-65C2-44C5-AF58-59FCC090EFB9}.Debug|Any CPU.ActiveCfg = Debug|Any CPU
		{2D5B3F7F-65C2-44C5-AF58-59FCC090EFB9}.Debug|Any CPU.Build.0 = Debug|Any CPU
		{2D5B3F7F-65C2-44C5-AF58-59FCC090EFB9}.Release|Any CPU.ActiveCfg = Release|Any CPU
		{2D5B3F7F-65C2-44C5-AF58-59FCC090EFB9}.Release|Any CPU.Build.0 = Release|Any CPU
		{2BBB8E1F-4F0C-4080-94FF-9CE5175A719C}.Debug|Any CPU.ActiveCfg = Debug|Any CPU
		{2BBB8E1F-4F0C-4080-94FF-9CE5175A719C}.Debug|Any CPU.Build.0 = Debug|Any CPU
		{2BBB8E1F-4F0C-4080-94FF-9CE5175A719C}.Release|Any CPU.ActiveCfg = Release|Any CPU
		{2BBB8E1F-4F0C-4080-94FF-9CE5175A719C}.Release|Any CPU.Build.0 = Release|Any CPU
		{CEB53B5D-2B25-445D-A3EF-EB5BA688F677}.Debug|Any CPU.ActiveCfg = Debug|Any CPU
		{CEB53B5D-2B25-445D-A3EF-EB5BA688F677}.Debug|Any CPU.Build.0 = Debug|Any CPU
		{CEB53B5D-2B25-445D-A3EF-EB5BA688F677}.Release|Any CPU.ActiveCfg = Release|Any CPU
		{CEB53B5D-2B25-445D-A3EF-EB5BA688F677}.Release|Any CPU.Build.0 = Release|Any CPU
		{BD83B711-BDEB-497C-974D-199F484D0F31}.Debug|Any CPU.ActiveCfg = Debug|Any CPU
		{BD83B711-BDEB-497C-974D-199F484D0F31}.Debug|Any CPU.Build.0 = Debug|Any CPU
		{BD83B711-BDEB-497C-974D-199F484D0F31}.Release|Any CPU.ActiveCfg = Release|Any CPU
		{BD83B711-BDEB-497C-974D-199F484D0F31}.Release|Any CPU.Build.0 = Release|Any CPU
		{EE805266-0B3D-4CAD-94E2-45018F17E499}.Debug|Any CPU.ActiveCfg = Debug|Any CPU
		{EE805266-0B3D-4CAD-94E2-45018F17E499}.Debug|Any CPU.Build.0 = Debug|Any CPU
		{EE805266-0B3D-4CAD-94E2-45018F17E499}.Release|Any CPU.ActiveCfg = Release|Any CPU
		{EE805266-0B3D-4CAD-94E2-45018F17E499}.Release|Any CPU.Build.0 = Release|Any CPU
		{A52C5014-1152-4926-930B-0F2324EDA8A2}.Debug|Any CPU.ActiveCfg = Debug|Any CPU
		{A52C5014-1152-4926-930B-0F2324EDA8A2}.Debug|Any CPU.Build.0 = Debug|Any CPU
		{A52C5014-1152-4926-930B-0F2324EDA8A2}.Release|Any CPU.ActiveCfg = Release|Any CPU
		{A52C5014-1152-4926-930B-0F2324EDA8A2}.Release|Any CPU.Build.0 = Release|Any CPU
		{8877DDE5-C3D1-4310-AFC4-C9B40A99E4B3}.Debug|Any CPU.ActiveCfg = Debug|Any CPU
		{8877DDE5-C3D1-4310-AFC4-C9B40A99E4B3}.Debug|Any CPU.Build.0 = Debug|Any CPU
		{8877DDE5-C3D1-4310-AFC4-C9B40A99E4B3}.Release|Any CPU.ActiveCfg = Release|Any CPU
		{8877DDE5-C3D1-4310-AFC4-C9B40A99E4B3}.Release|Any CPU.Build.0 = Release|Any CPU
		{7620627E-A9C4-444F-8447-54A63E37F6AF}.Debug|Any CPU.ActiveCfg = Debug|Any CPU
		{7620627E-A9C4-444F-8447-54A63E37F6AF}.Debug|Any CPU.Build.0 = Debug|Any CPU
		{7620627E-A9C4-444F-8447-54A63E37F6AF}.Release|Any CPU.ActiveCfg = Release|Any CPU
		{7620627E-A9C4-444F-8447-54A63E37F6AF}.Release|Any CPU.Build.0 = Release|Any CPU
		{6497E47D-75A2-4145-81A9-853F709CBF55}.Debug|Any CPU.ActiveCfg = Debug|Any CPU
		{6497E47D-75A2-4145-81A9-853F709CBF55}.Debug|Any CPU.Build.0 = Debug|Any CPU
		{6497E47D-75A2-4145-81A9-853F709CBF55}.Release|Any CPU.ActiveCfg = Release|Any CPU
		{6497E47D-75A2-4145-81A9-853F709CBF55}.Release|Any CPU.Build.0 = Release|Any CPU
		{F06A7D0B-F72D-4638-8E6A-A03AAA06CF06}.Debug|Any CPU.ActiveCfg = Debug|Any CPU
		{F06A7D0B-F72D-4638-8E6A-A03AAA06CF06}.Debug|Any CPU.Build.0 = Debug|Any CPU
		{F06A7D0B-F72D-4638-8E6A-A03AAA06CF06}.Release|Any CPU.ActiveCfg = Release|Any CPU
		{F06A7D0B-F72D-4638-8E6A-A03AAA06CF06}.Release|Any CPU.Build.0 = Release|Any CPU
		{9E1EB53C-0E19-4233-B961-CC363D0F872F}.Debug|Any CPU.ActiveCfg = Debug|Any CPU
		{9E1EB53C-0E19-4233-B961-CC363D0F872F}.Debug|Any CPU.Build.0 = Debug|Any CPU
		{9E1EB53C-0E19-4233-B961-CC363D0F872F}.Release|Any CPU.ActiveCfg = Release|Any CPU
		{9E1EB53C-0E19-4233-B961-CC363D0F872F}.Release|Any CPU.Build.0 = Release|Any CPU
		{34E0D800-E42F-4DEF-827A-0305762345F1}.Debug|Any CPU.ActiveCfg = Debug|Any CPU
		{34E0D800-E42F-4DEF-827A-0305762345F1}.Debug|Any CPU.Build.0 = Debug|Any CPU
		{34E0D800-E42F-4DEF-827A-0305762345F1}.Release|Any CPU.ActiveCfg = Release|Any CPU
		{34E0D800-E42F-4DEF-827A-0305762345F1}.Release|Any CPU.Build.0 = Release|Any CPU
	EndGlobalSection
	GlobalSection(SolutionProperties) = preSolution
		HideSolutionNode = FALSE
	EndGlobalSection
	GlobalSection(NestedProjects) = preSolution
		{2D5B3F7F-65C2-44C5-AF58-59FCC090EFB9} = {6FE6A503-3F7C-4B10-A351-448A2BD22D85}
		{2BBB8E1F-4F0C-4080-94FF-9CE5175A719C} = {6FE6A503-3F7C-4B10-A351-448A2BD22D85}
		{CEB53B5D-2B25-445D-A3EF-EB5BA688F677} = {6FE6A503-3F7C-4B10-A351-448A2BD22D85}
		{BD83B711-BDEB-497C-974D-199F484D0F31} = {6FE6A503-3F7C-4B10-A351-448A2BD22D85}
		{EE805266-0B3D-4CAD-94E2-45018F17E499} = {6FE6A503-3F7C-4B10-A351-448A2BD22D85}
		{A52C5014-1152-4926-930B-0F2324EDA8A2} = {6FE6A503-3F7C-4B10-A351-448A2BD22D85}
		{8877DDE5-C3D1-4310-AFC4-C9B40A99E4B3} = {DC5E649D-6802-4872-8963-D1EF65D25575}
		{7620627E-A9C4-444F-8447-54A63E37F6AF} = {DC5E649D-6802-4872-8963-D1EF65D25575}
		{6497E47D-75A2-4145-81A9-853F709CBF55} = {DC5E649D-6802-4872-8963-D1EF65D25575}
		{F06A7D0B-F72D-4638-8E6A-A03AAA06CF06} = {6FE6A503-3F7C-4B10-A351-448A2BD22D85}
		{9E1EB53C-0E19-4233-B961-CC363D0F872F} = {DC5E649D-6802-4872-8963-D1EF65D25575}
		{34E0D800-E42F-4DEF-827A-0305762345F1} = {DC5E649D-6802-4872-8963-D1EF65D25575}
	EndGlobalSection
EndGlobal
